
Microsoft Visual Studio Solution File, Format Version 12.00
# Visual Studio Version 17
VisualStudioVersion = 17.0.31903.59
MinimumVisualStudioVersion = 10.0.40219.1
Project("{FAE04EC0-301F-11D3-BF4B-00C04F79EFBC}") = "ChronoLabel", "ChronoLabel.csproj", "{4C1F7C9D-9924-4654-84B7-35B96734DBBD}"
EndProject
Project("{2150E333-8FDC-42A3-9474-1A3956D46DE8}") = "Tests", "Tests", "{28150C1F-C557-4135-BE13-331EE1A6DDD3}"
EndProject
Project("{FAE04EC0-301F-11D3-BF4B-00C04F79EFBC}") = "UnitTests", "Tests\UnitTests\UnitTests.csproj", "{676CC2E5-A92A-4288-98BC-D2C0D225AAD8}"
EndProject
Global
	GlobalSection(SolutionConfigurationPlatforms) = preSolution
		Debug|Any CPU = Debug|Any CPU
		Release|Any CPU = Release|Any CPU
	EndGlobalSection
	GlobalSection(SolutionProperties) = preSolution
		HideSolutionNode = FALSE
	EndGlobalSection
	GlobalSection(ProjectConfigurationPlatforms) = postSolution
		{4C1F7C9D-9924-4654-84B7-35B96734DBBD}.Debug|Any CPU.ActiveCfg = Debug|Any CPU
		{4C1F7C9D-9924-4654-84B7-35B96734DBBD}.Debug|Any CPU.Build.0 = Debug|Any CPU
		{4C1F7C9D-9924-4654-84B7-35B96734DBBD}.Release|Any CPU.ActiveCfg = Release|Any CPU
		{4C1F7C9D-9924-4654-84B7-35B96734DBBD}.Release|Any CPU.Build.0 = Release|Any CPU
		{676CC2E5-A92A-4288-98BC-D2C0D225AAD8}.Debug|Any CPU.ActiveCfg = Debug|Any CPU
		{676CC2E5-A92A-4288-98BC-D2C0D225AAD8}.Debug|Any CPU.Build.0 = Debug|Any CPU
		{676CC2E5-A92A-4288-98BC-D2C0D225AAD8}.Release|Any CPU.ActiveCfg = Release|Any CPU
		{676CC2E5-A92A-4288-98BC-D2C0D225AAD8}.Release|Any CPU.Build.0 = Release|Any CPU
	EndGlobalSection
	GlobalSection(NestedProjects) = preSolution
		{676CC2E5-A92A-4288-98BC-D2C0D225AAD8} = {28150C1F-C557-4135-BE13-331EE1A6DDD3}
	EndGlobalSection
EndGlobal
